{
  "nodes": {
    "firefox-addons": {
      "inputs": {
        "nixpkgs": [
          "nixpkgs"
        ]
      },
      "locked": {
        "dir": "pkgs/firefox-addons",
        "lastModified": 1777867383,
        "narHash": "sha256-Pv7/nyFVi6ZMjInw3UYG9a6yjKxh6ORs2+GqnM0pH8I=",
        "owner": "rycee",
        "repo": "nur-expressions",
        "rev": "c63195f23846be639805fb8fc5bcb579e249b8e0",
        "type": "gitlab"
      },
      "original": {
        "dir": "pkgs/firefox-addons",
        "owner": "rycee",
        "repo": "nur-expressions",
        "type": "gitlab"
      }
    },
    "home-manager": {
      "inputs": {
        "nixpkgs": [
          "nixpkgs"
        ]
      },
      "locked": {
        "lastModified": 1777913624,
        "narHash": "sha256-4MwfrGuqjsnEORQbM3cmkmG/9cWhDV63dTDguDj4FXw=",
        "owner": "nix-community",
        "repo": "home-manager",
        "rev": "a89686d115e970e200eb2caa7603f3673050e00c",
        "type": "github"
      },
      "original": {
        "owner": "nix-community",
        "repo": "home-manager",
        "type": "github"
      }
    },
    "import-tree": {
      "locked": {
        "lastModified": 1773693634,
        "narHash": "sha256-BtZ2dtkBdSUnFPPFc+n0kcMbgaTxzFNPv2iaO326Ffg=",
        "owner": "vic",
        "repo": "import-tree",
        "rev": "c41e7d58045f9057880b0d85e1152d6a4430dbf1",
        "type": "github"
      },
      "original": {
        "owner": "vic",
        "repo": "import-tree",
        "type": "github"
      }
    },
    "joinix": {
      "locked": {
        "lastModified": 1774308275,
        "narHash": "sha256-1g0MdWsOzm7YFa4Xvhr9Npd+31WxYnw+p9ok2mqz6/M=",
        "owner": "agdral",
        "repo": "joinix",
        "rev": "4e278b76d2dd83d9fc5bd0507fa5f9c5b39b44d1",
        "type": "github"
      },
      "original": {
        "owner": "agdral",
        "repo": "joinix",
        "type": "github"
      }
    },
    "nixpkgs": {
      "locked": {
        "lastModified": 1777578337,
        "narHash": "sha256-Ad49moKWeXtKBJNy2ebiTQUEgdLyvGmTeykAQ9xM+Z4=",
        "owner": "nixos",
        "repo": "nixpkgs",
        "rev": "15f4ee454b1dce334612fa6843b3e05cf546efab",
        "type": "github"
      },
      "original": {
        "owner": "nixos",
        "ref": "nixos-unstable",
        "repo": "nixpkgs",
        "type": "github"
      }
    },
    "nixstable": {
      "locked": {
        "lastModified": 1777673416,
        "narHash": "sha256-5c2POKPOjU40Kh0MirOdScBLG0bu9TAuPYAtPRNZMBs=",
        "rev": "26ef669cffa904b6f6832ab57b77892a37c1a671",
        "revCount": 911961,
        "type": "tarball",
        "url": "https://api.flakehub.com/f/pinned/NixOS/nixpkgs/0.2511.911961%2Brev-26ef669cffa904b6f6832ab57b77892a37c1a671/019deef5-f1dd-74a1-ad41-60eafd3dc5f4/source.tar.gz"
      },
      "original": {
        "type": "tarball",
        "url": "https://flakehub.com/f/NixOS/nixpkgs/%2A"
      }
    },
    "root": {
      "inputs": {
        "firefox-addons": "firefox-addons",
        "home-manager": "home-manager",
        "import-tree": "import-tree",
        "joinix": "joinix",
        "nixpkgs": "nixpkgs",
        "nixstable": "nixstable"
      }
    }
  },
  "root": "root",
  "version": 7
}
