{
  "nodes": {
    "firefox-addons": {
      "inputs": {
        "nixpkgs": [
          "nixpkgs"
        ]
      },
      "locked": {
        "dir": "pkgs/firefox-addons",
        "lastModified": 1786248171,
        "narHash": "sha256-ALbtZKFam+O2ONRk7XhYsXmXxmhR0Y3Bj+qZkTA8zCg=",
        "owner": "rycee",
        "repo": "nur-expressions",
        "rev": "2e85abc79236d031845a0e2be3ebbd1759cea715",
        "type": "gitlab"
      },
      "original": {
        "dir": "pkgs/firefox-addons",
        "owner": "rycee",
        "repo": "nur-expressions",
        "type": "gitlab"
      }
    },
    "home-manager": {
      "inputs": {
        "nixpkgs": [
          "nixpkgs"
        ]
      },
      "locked": {
        "lastModified": 1786286733,
        "narHash": "sha256-7dN93WKkEERgutPtTjK7SY3ZarO2LAU33A1+vKu+7cc=",
        "owner": "nix-community",
        "repo": "home-manager",
        "rev": "367f7ef80856d18438953d54dda235d42a46ba31",
        "type": "github"
      },
      "original": {
        "owner": "nix-community",
        "repo": "home-manager",
        "type": "github"
      }
    },
    "import-tree": {
      "locked": {
        "lastModified": 1784254960,
        "narHash": "sha256-iI88R3wHz8wTKQb5orvpc51L/Xr64AJyxid/0MKa/b8=",
        "owner": "vic",
        "repo": "import-tree",
        "rev": "4ebb10ae17d5f1ad366e7aef5b92cb8eecf24f69",
        "type": "github"
      },
      "original": {
        "owner": "vic",
        "repo": "import-tree",
        "type": "github"
      }
    },
    "joinix": {
      "locked": {
        "lastModified": 1781763374,
        "narHash": "sha256-FJk4r72qVOa9KmeqO0gnJRnUq0ZbBtz636TalX6vN6I=",
        "owner": "agdral",
        "repo": "joinix",
        "rev": "616ef3d3d99d15ee5ecc9e045cb8bfe77f5fb2b2",
        "type": "github"
      },
      "original": {
        "owner": "agdral",
        "repo": "joinix",
        "type": "github"
      }
    },
    "nixpkgs": {
      "locked": {
        "lastModified": 1786106723,
        "narHash": "sha256-zDSUbpoeo/9ZmD2+wXnzxoo1+uhL8vxc0b8yuYMKYq0=",
        "rev": "f13ff45afd1bb73e640eaa08a7066dbed07e3238",
        "revCount": 1049422,
        "type": "tarball",
        "url": "https://api.flakehub.com/f/pinned/NixOS/nixpkgs/0.1.1049422%2Brev-f13ff45afd1bb73e640eaa08a7066dbed07e3238/019fe37d-02f5-75c1-a6ac-d62d08878e10/source.tar.gz"
      },
      "original": {
        "type": "tarball",
        "url": "https://flakehub.com/f/NixOS/nixpkgs/0.1"
      }
    },
    "nixstable": {
      "locked": {
        "lastModified": 1786089803,
        "narHash": "sha256-ZuvZfVW2tB5tXYEcpcfhVXB3N4OhdZLOqOviy4OD4b4=",
        "rev": "ee48b147c18c7de1e6ec97dc74792be42724bed1",
        "revCount": 1011492,
        "type": "tarball",
        "url": "https://api.flakehub.com/f/pinned/NixOS/nixpkgs/0.2605.1011492%2Brev-ee48b147c18c7de1e6ec97dc74792be42724bed1/019fe27a-4b56-76e0-9178-a059ce32ffab/source.tar.gz"
      },
      "original": {
        "type": "tarball",
        "url": "https://flakehub.com/f/NixOS/nixpkgs/%2A"
      }
    },
    "root": {
      "inputs": {
        "firefox-addons": "firefox-addons",
        "home-manager": "home-manager",
        "import-tree": "import-tree",
        "joinix": "joinix",
        "nixpkgs": "nixpkgs",
        "nixstable": "nixstable"
      }
    }
  },
  "root": "root",
  "version": 7
}
